// !$*UTF8*$!
{
	archiveVersion = 1;
	classes = {
	};
	objectVersion = 46;
	objects = {

/* Begin PBXBuildFile section */
		75EEDD711DB461E8004D4D99 /* AppDelegate.swift in Sources */ = {isa = PBXBuildFile; fileRef = 75EEDD701DB461E8004D4D99 /* AppDelegate.swift */; };
		75EEDD731DB461E8004D4D99 /* ViewController.swift in Sources */ = {isa = PBXBuildFile; fileRef = 75EEDD721DB461E8004D4D99 /* ViewController.swift */; };
		75EEDD761DB461E8004D4D99 /* Main.storyboard in Resources */ = {isa = PBXBuildFile; fileRef = 75EEDD741DB461E8004D4D99 /* Main.storyboard */; };
		75EEDD781DB461E8004D4D99 /* Assets.xcassets in Resources */ = {isa = PBXBuildFile; fileRef = 75EEDD771DB461E8004D4D99 /* Assets.xcassets */; };
		75EEDD7B1DB461E8004D4D99 /* LaunchScreen.storyboard in Resources */ = {isa = PBXBuildFile; fileRef = 75EEDD791DB461E8004D4D99 /* LaunchScreen.storyboard */; };
		75EEDD831DB46388004D4D99 /* users.json in Resources */ = {isa = PBXBuildFile; fileRef = 75EEDD821DB46388004D4D99 /* users.json */; };
/* End PBXBuildFile section */

/* Begin PBXFileReference section */
		75EEDD6D1DB461E7004D4D99 /* UnitTest.app */ = {isa = PBXFileReference; explicitFileType = wrapper.application; includeInIndex = 0; path = UnitTest.app; sourceTree = BUILT_PRODUCTS_DIR; };
		75EEDD701DB461E8004D4D99 /* AppDelegate.swift */ = {isa = PBXFileReference; lastKnownFileType = sourcecode.swift; path = AppDelegate.swift; sourceTree = "<group>"; };
		75EEDD721DB461E8004D4D99 /* ViewController.swift */ = {isa = PBXFileReference; lastKnownFileType = sourcecode.swift; path = ViewController.swift; sourceTree = "<group>"; };
		75EEDD751DB461E8004D4D99 /* Base */ = {isa = PBXFileReference; lastKnownFileType = file.storyboard; name = Base; path = Base.lproj/Main.storyboard; sourceTree = "<group>"; };
		75EEDD771DB461E8004D4D99 /* Assets.xcassets */ = {isa = PBXFileReference; lastKnownFileType = folder.assetcatalog; path = Assets.xcassets; sourceTree = "<group>"; };
		75EEDD7A1DB461E8004D4D99 /* Base */ = {isa = PBXFileReference; lastKnownFileType = file.storyboard; name = Base; path = Base.lproj/LaunchScreen.storyboard; sourceTree = "<group>"; };
		75EEDD7C1DB461E8004D4D99 /* Info.plist */ = {isa = PBXFileReference; lastKnownFileType = text.plist.xml; path = Info.plist; sourceTree = "<group>"; };
		75EEDD821DB46388004D4D99 /* users.json */ = {isa = PBXFileReference; fileEncoding = 4; lastKnownFileType = text.json; path = users.json; sourceTree = "<group>"; };
/* End PBXFileReference section */

/* Begin PBXFrameworksBuildPhase section */
		75EEDD6A1DB461E7004D4D99 /* Frameworks */ = {
			isa = PBXFrameworksBuildPhase;
			buildActionMask = 2147483647;
			files = (
			);
			runOnlyForDeploymentPostprocessing = 0;
		};
/* End PBXFrameworksBuildPhase section */

/* Begin PBXGroup section */
		75EEDD641DB461E6004D4D99 = {
			isa = PBXGroup;
			children = (
				75EEDD6F1DB461E8004D4D99 /* UnitTest */,
				75EEDD6E1DB461E7004D4D99 /* Products */,
			);
			sourceTree = "<group>";
		};
		75EEDD6E1DB461E7004D4D99 /* Products */ = {
			isa = PBXGroup;
			children = (
				75EEDD6D1DB461E7004D4D99 /* UnitTest.app */,
			);
			name = Products;
			sourceTree = "<group>";
		};
		75EEDD6F1DB461E8004D4D99 /* UnitTest */ = {
			isa = PBXGroup;
			children = (
				75EEDD701DB461E8004D4D99 /* AppDelegate.swift */,
				75EEDD721DB461E8004D4D99 /* ViewController.swift */,
				75EEDD741DB461E8004D4D99 /* Main.storyboard */,
				75EEDD771DB461E8004D4D99 /* Assets.xcassets */,
				75EEDD791DB461E8004D4D99 /* LaunchScreen.storyboard */,
				75EEDD7C1DB461E8004D4D99 /* Info.plist */,
				75EEDD821DB46388004D4D99 /* users.json */,
			);
			path = UnitTest;
			sourceTree = "<group>";
		};
/* End PBXGroup section */

/* Begin PBXNativeTarget section */
		75EEDD6C1DB461E7004D4D99 /* UnitTest */ = {
			isa = PBXNativeTarget;
			buildConfigurationList = 75EEDD7F1DB461E8004D4D99 /* Build configuration list for PBXNativeTarget "UnitTest" */;
			buildPhases = (
				75EEDD691DB461E7004D4D99 /* Sources */,
				75EEDD6A1DB461E7004D4D99 /* Frameworks */,
				75EEDD6B1DB461E7004D4D99 /* Resources */,
			);
			buildRules = (
			);
			dependencies = (
			);
			name = UnitTest;
			productName = UnitTest;
			productReference = 75EEDD6D1DB461E7004D4D99 /* UnitTest.app */;
			productType = "com.apple.product-type.application";
		};
/* End PBXNativeTarget section */

/* Begin PBXProject section */
		75EEDD651DB461E6004D4D99 /* Project object */ = {
			isa = PBXProject;
			attributes = {
				LastSwiftUpdateCheck = 0730;
				LastUpgradeCheck = 0730;
				ORGANIZATIONNAME = shhuang;
				TargetAttributes = {
					75EEDD6C1DB461E7004D4D99 = {
						CreatedOnToolsVersion = 7.3.1;
						DevelopmentTeam = Q6933N9Z5M;
					};
				};
			};
			buildConfigurationList = 75EEDD681DB461E7004D4D99 /* Build configuration list for PBXProject "UnitTest" */;
			compatibilityVersion = "Xcode 3.2";
			developmentRegion = English;
			hasScannedForEncodings = 0;
			knownRegions = (
				en,
				Base,
			);
			mainGroup = 75EEDD641DB461E6004D4D99;
			productRefGroup = 75EEDD6E1DB461E7004D4D99 /* Products */;
			projectDirPath = "";
			projectRoot = "";
			targets = (
				75EEDD6C1DB461E7004D4D99 /* UnitTest */,
			);
		};
/* End PBXProject section */

/* Begin PBXResourcesBuildPhase section */
		75EEDD6B1DB461E7004D4D99 /* Resources */ = {
			isa = PBXResourcesBuildPhase;
			buildActionMask = 2147483647;
			files = (
				75EEDD831DB46388004D4D99 /* users.json in Resources */,
				75EEDD7B1DB461E8004D4D99 /* LaunchScreen.storyboard in Resources */,
				75EEDD781DB461E8004D4D99 /* Assets.xcassets in Resources */,
				75EEDD761DB461E8004D4D99 /* Main.storyboard in Resources */,
			);
			runOnlyForDeploymentPostprocessing = 0;
		};
/* End PBXResourcesBuildPhase section */

/* Begin PBXSourcesBuildPhase section */
		75EEDD691DB461E7004D4D99 /* Sources */ = {
			isa = PBXSourcesBuildPhase;
			buildActionMask = 2147483647;
			files = (
				75EEDD731DB461E8004D4D99 /* ViewController.swift in Sources */,
				75EEDD711DB461E8004D4D99 /* AppDelegate.swift in Sources */,
			);
			runOnlyForDeploymentPostprocessing = 0;
		};
/* End PBXSourcesBuildPhase section */

/* Begin PBXVariantGroup section */
		75EEDD741DB461E8004D4D99 /* Main.storyboard */ = {
			isa = PBXVariantGroup;
			children = (
				75EEDD751DB461E8004D4D99 /* Base */,
			);
			name = Main.storyboard;
			sourceTree = "<group>";
		};
		75EEDD791DB461E8004D4D99 /* LaunchScreen.storyboard */ = {
			isa = PBXVariantGroup;
			children = (
				75EEDD7A1DB461E8004D4D99 /* Base */,
			);
			name = LaunchScreen.storyboard;
			sourceTree = "<group>";
		};
/* End PBXVariantGroup section */

/* Begin XCBuildConfiguration section */
		75EEDD7D1DB461E8004D4D99 /* Debug */ = {
			isa = XCBuildConfiguration;
			buildSettings = {
				ALWAYS_SEARCH_USER_PATHS = NO;
				CLANG_ANALYZER_NONNULL = YES;
				CLANG_CXX_LANGUAGE_STANDARD = "gnu++0x";
				CLANG_CXX_LIBRARY = "libc++";
				CLANG_ENABLE_MODULES = YES;
				CLANG_ENABLE_OBJC_ARC = YES;
				CLANG_WARN_BOOL_CONVERSION = YES;
				CLANG_WARN_CONSTANT_CONVERSION = YES;
				CLANG_WARN_DIRECT_OBJC_ISA_USAGE = YES_ERROR;
				CLANG_WARN_EMPTY_BODY = YES;
				CLANG_WARN_ENUM_CONVERSION = YES;
				CLANG_WARN_INT_CONVERSION = YES;
				CLANG_WARN_OBJC_ROOT_CLASS = YES_ERROR;
				CLANG_WARN_UNREACHABLE_CODE = YES;
				CLANG_WARN__DUPLICATE_METHOD_MATCH = YES;
				"CODE_SIGN_IDENTITY[sdk=iphoneos*]" = "iPhone Developer";
				COPY_PHASE_STRIP = NO;
				DEBUG_INFORMATION_FORMAT = dwarf;
				ENABLE_STRICT_OBJC_MSGSEND = YES;
				ENABLE_TESTABILITY = YES;
				GCC_C_LANGUAGE_STANDARD = gnu99;
				GCC_DYNAMIC_NO_PIC = NO;
				GCC_NO_COMMON_BLOCKS = YES;
				GCC_OPTIMIZATION_LEVEL = 0;
				GCC_PREPROCESSOR_DEFINITIONS = (
					"DEBUG=1",
					"$(inherited)",
				);
				GCC_WARN_64_TO_32_BIT_CONVERSION = YES;
				GCC_WARN_ABOUT_RETURN_TYPE = YES_ERROR;
				GCC_WARN_UNDECLARED_SELECTOR = YES;
				GCC_WARN_UNINITIALIZED_AUTOS = YES_AGGRESSIVE;
				GCC_WARN_UNUSED_FUNCTION = YES;
				GCC_WARN_UNUSED_VARIABLE = YES;
				IPHONEOS_DEPLOYMENT_TARGET = 9.3;
				MTL_ENABLE_DEBUG_INFO = YES;
				ONLY_ACTIVE_ARCH = YES;
				SDKROOT = iphoneos;
				SWIFT_OPTIMIZATION_LEVEL = "-Onone";
			};
			name = Debug;
		};
		75EEDD7E1DB461E8004D4D99 /* Release */ = {
			isa = XCBuildConfiguration;
			buildSettings = {
				ALWAYS_SEARCH_USER_PATHS = NO;
				CLANG_ANALYZER_NONNULL = YES;
				CLANG_CXX_LANGUAGE_STANDARD = "gnu++0x";
				CLANG_CXX_LIBRARY = "libc++";
				CLANG_ENABLE_MODULES = YES;
				CLANG_ENABLE_OBJC_ARC = YES;
				CLANG_WARN_BOOL_CONVERSION = YES;
				CLANG_WARN_CONSTANT_CONVERSION = YES;
				CLANG_WARN_DIRECT_OBJC_ISA_USAGE = YES_ERROR;
				CLANG_WARN_EMPTY_BODY = YES;
				CLANG_WARN_ENUM_CONVERSION = YES;
				CLANG_WARN_INT_CONVERSION = YES;
				CLANG_WARN_OBJC_ROOT_CLASS = YES_ERROR;
				CLANG_WARN_UNREACHABLE_CODE = YES;
				CLANG_WARN__DUPLICATE_METHOD_MATCH = YES;
				"CODE_SIGN_IDENTITY[sdk=iphoneos*]" = "iPhone Developer";
				COPY_PHASE_STRIP = NO;
				DEBUG_INFORMATION_FORMAT = "dwarf-with-dsym";
				ENABLE_NS_ASSERTIONS = NO;
				ENABLE_STRICT_OBJC_MSGSEND = YES;
				GCC_C_LANGUAGE_STANDARD = gnu99;
				GCC_NO_COMMON_BLOCKS = YES;
				GCC_WARN_64_TO_32_BIT_CONVERSION = YES;
				GCC_WARN_ABOUT_RETURN_TYPE = YES_ERROR;
				GCC_WARN_UNDECLARED_SELECTOR = YES;
				GCC_WARN_UNINITIALIZED_AUTOS = YES_AGGRESSIVE;
				GCC_WARN_UNUSED_FUNCTION = YES;
				GCC_WARN_UNUSED_VARIABLE = YES;
				IPHONEOS_DEPLOYMENT_TARGET = 9.3;
				MTL_ENABLE_DEBUG_INFO = NO;
				SDKROOT = iphoneos;
				VALIDATE_PRODUCT = YES;
			};
			name = Release;
		};
		75EEDD801DB461E8004D4D99 /* Debug */ = {
			isa = XCBuildConfiguration;
			buildSettings = {
				ASSETCATALOG_COMPILER_APPICON_NAME = AppIcon;
				INFOPLIST_FILE = UnitTest/Info.plist;
				LD_RUNPATH_SEARCH_PATHS = "$(inherited) @executable_path/Frameworks";
				PRODUCT_BUNDLE_IDENTIFIER = shhuang.UnitTest;
				PRODUCT_NAME = "$(TARGET_NAME)";
			};
			name = Debug;
		};
		75EEDD811DB461E8004D4D99 /* Release */ = {
			isa = XCBuildConfiguration;
			buildSettings = {
				ASSETCATALOG_COMPILER_APPICON_NAME = AppIcon;
				INFOPLIST_FILE = UnitTest/Info.plist;
				LD_RUNPATH_SEARCH_PATHS = "$(inherited) @executable_path/Frameworks";
				PRODUCT_BUNDLE_IDENTIFIER = shhuang.UnitTest;
				PRODUCT_NAME = "$(TARGET_NAME)";
			};
			name = Release;
		};
/* End XCBuildConfiguration section */

/* Begin XCConfigurationList section */
		75EEDD681DB461E7004D4D99 /* Build configuration list for PBXProject "UnitTest" */ = {
			isa = XCConfigurationList;
			buildConfigurations = (
				75EEDD7D1DB461E8004D4D99 /* Debug */,
				75EEDD7E1DB461E8004D4D99 /* Release */,
			);
			defaultConfigurationIsVisible = 0;
			defaultConfigurationName = Release;
		};
		75EEDD7F1DB461E8004D4D99 /* Build configuration list for PBXNativeTarget "UnitTest" */ = {
			isa = XCConfigurationList;
			buildConfigurations = (
				75EEDD801DB461E8004D4D99 /* Debug */,
				75EEDD811DB461E8004D4D99 /* Release */,
			);
			defaultConfigurationIsVisible = 0;
		};
/* End XCConfigurationList section */
	};
	rootObject = 75EEDD651DB461E6004D4D99 /* Project object */;
}
